PODS:
  - Alamofire (5.0.2)
  - SwiftyJSON (4.3.0)

DEPENDENCIES:
  - Alamofire (~> 5.0)
  - SwiftyJSON (~> 4.0)

SPEC REPOS:
  trunk:
    - Alamofire
    - SwiftyJSON

SPEC CHECKSUMS:
  Alamofire: 3ba7a4db18b4f62c4a1c0e1cb39d7f3d52e10ada
  SwiftyJSON: 6faa0040f8b59dead0ee07436cbf76b73c08fd08

PODFILE CHECKSUM: 559371b5c7fc726da3c38c55399a6f912ea5f9c8

COCOAPODS: 1.9.0
