// !$*UTF8*$!
{
	archiveVersion = 1;
	classes = {
	};
	objectVersion = 51;
	objects = {

/* Begin PBXBuildFile section */
		0806814824053BDB00FDE61D /* AppDelegate.swift in Sources */ = {isa = PBXBuildFile; fileRef = 0806814724053BDB00FDE61D /* AppDelegate.swift */; };
		0806814A24053BDB00FDE61D /* SceneDelegate.swift in Sources */ = {isa = PBXBuildFile; fileRef = 0806814924053BDB00FDE61D /* SceneDelegate.swift */; };
		0806814F24053BDB00FDE61D /* Main.storyboard in Resources */ = {isa = PBXBuildFile; fileRef = 0806814D24053BDB00FDE61D /* Main.storyboard */; };
		0806815124053BDE00FDE61D /* Assets.xcassets in Resources */ = {isa = PBXBuildFile; fileRef = 0806815024053BDE00FDE61D /* Assets.xcassets */; };
		0806815424053BDE00FDE61D /* LaunchScreen.storyboard in Resources */ = {isa = PBXBuildFile; fileRef = 0806815224053BDE00FDE61D /* LaunchScreen.storyboard */; };
		0838D6062406A2B50056E2F0 /* Animal.storyboard in Resources */ = {isa = PBXBuildFile; fileRef = 0838D6052406A2B50056E2F0 /* Animal.storyboard */; };
		0838D6082406A2EB0056E2F0 /* Dashboard.storyboard in Resources */ = {isa = PBXBuildFile; fileRef = 0838D6072406A2EB0056E2F0 /* Dashboard.storyboard */; };
		0838D60A2406A3210056E2F0 /* Shelter.storyboard in Resources */ = {isa = PBXBuildFile; fileRef = 0838D6092406A3210056E2F0 /* Shelter.storyboard */; };
		0838D60C2406A35C0056E2F0 /* PetShop.storyboard in Resources */ = {isa = PBXBuildFile; fileRef = 0838D60B2406A35C0056E2F0 /* PetShop.storyboard */; };
		0838D60E2406A3990056E2F0 /* Zoo.storyboard in Resources */ = {isa = PBXBuildFile; fileRef = 0838D60D2406A3990056E2F0 /* Zoo.storyboard */; };
		0838D6112406A58D0056E2F0 /* LoginViewController.swift in Sources */ = {isa = PBXBuildFile; fileRef = 0838D6102406A58D0056E2F0 /* LoginViewController.swift */; };
		0838D6132406A59E0056E2F0 /* RegisterViewController.swift in Sources */ = {isa = PBXBuildFile; fileRef = 0838D6122406A59E0056E2F0 /* RegisterViewController.swift */; };
		0838D6152406A5B60056E2F0 /* HomeViewController.swift in Sources */ = {isa = PBXBuildFile; fileRef = 0838D6142406A5B60056E2F0 /* HomeViewController.swift */; };
		086E425A2406DD4B00F2469C /* AnimalViewController.swift in Sources */ = {isa = PBXBuildFile; fileRef = 086E42592406DD4B00F2469C /* AnimalViewController.swift */; };
		086E42642406FD4600F2469C /* DashboardViewController.swift in Sources */ = {isa = PBXBuildFile; fileRef = 086E42632406FD4600F2469C /* DashboardViewController.swift */; };
		086E42662406FD5200F2469C /* PetShopViewController.swift in Sources */ = {isa = PBXBuildFile; fileRef = 086E42652406FD5200F2469C /* PetShopViewController.swift */; };
		086E42682406FD6600F2469C /* ShelterViewController.swift in Sources */ = {isa = PBXBuildFile; fileRef = 086E42672406FD6600F2469C /* ShelterViewController.swift */; };
		086E426A2406FD6F00F2469C /* VetViewController.swift in Sources */ = {isa = PBXBuildFile; fileRef = 086E42692406FD6F00F2469C /* VetViewController.swift */; };
		086E426C2406FD8000F2469C /* ZooViewController.swift in Sources */ = {isa = PBXBuildFile; fileRef = 086E426B2406FD8000F2469C /* ZooViewController.swift */; };
		08B761C42417E78000AC98C3 /* Configuration.swift in Sources */ = {isa = PBXBuildFile; fileRef = 08B761C32417E78000AC98C3 /* Configuration.swift */; };
		08C6F38124139D8400E53BA2 /* AddAnimalViewController.swift in Sources */ = {isa = PBXBuildFile; fileRef = 08C6F38024139D8400E53BA2 /* AddAnimalViewController.swift */; };
		08C6F3832413BE3500E53BA2 /* Validators.swift in Sources */ = {isa = PBXBuildFile; fileRef = 08C6F3822413BE3500E53BA2 /* Validators.swift */; };
		08C6F3862413BE8400E53BA2 /* UITextField+Extensions.swift in Sources */ = {isa = PBXBuildFile; fileRef = 08C6F3852413BE8400E53BA2 /* UITextField+Extensions.swift */; };
		08CF276224165DDC0029FE4B /* AddPetShopViewController.swift in Sources */ = {isa = PBXBuildFile; fileRef = 08CF276124165DDC0029FE4B /* AddPetShopViewController.swift */; };
		08CF276424165E0D0029FE4B /* AddShelterViewController.swift in Sources */ = {isa = PBXBuildFile; fileRef = 08CF276324165E0D0029FE4B /* AddShelterViewController.swift */; };
		08CF276624165E220029FE4B /* AddVetViewController.swift in Sources */ = {isa = PBXBuildFile; fileRef = 08CF276524165E220029FE4B /* AddVetViewController.swift */; };
		08CF276824165E2E0029FE4B /* AddZooViewController.swift in Sources */ = {isa = PBXBuildFile; fileRef = 08CF276724165E2E0029FE4B /* AddZooViewController.swift */; };
		08FB2B7F2405A1E3000D431A /* Vet.storyboard in Resources */ = {isa = PBXBuildFile; fileRef = 08FB2B7E2405A1E3000D431A /* Vet.storyboard */; };
		08FE0DFE240C2C92002AFC96 /* Reachability.swift in Sources */ = {isa = PBXBuildFile; fileRef = 08FE0DFD240C2C92002AFC96 /* Reachability.swift */; };
		08FE0E00240C2D18002AFC96 /* Auth.storyboard in Resources */ = {isa = PBXBuildFile; fileRef = 08FE0DFF240C2D18002AFC96 /* Auth.storyboard */; };
		480A6F64C2D04A630049A528 /* Pods_AnimalCherish_iOS.framework in Frameworks */ = {isa = PBXBuildFile; fileRef = 207ACC1586453D7B95104130 /* Pods_AnimalCherish_iOS.framework */; };
/* End PBXBuildFile section */

/* Begin PBXFileReference section */
		0806814424053BDB00FDE61D /* AnimalCherish_iOS.app */ = {isa = PBXFileReference; explicitFileType = wrapper.application; includeInIndex = 0; path = AnimalCherish_iOS.app; sourceTree = BUILT_PRODUCTS_DIR; };
		0806814724053BDB00FDE61D /* AppDelegate.swift */ = {isa = PBXFileReference; lastKnownFileType = sourcecode.swift; path = AppDelegate.swift; sourceTree = "<group>"; };
		0806814924053BDB00FDE61D /* SceneDelegate.swift */ = {isa = PBXFileReference; lastKnownFileType = sourcecode.swift; path = SceneDelegate.swift; sourceTree = "<group>"; };
		0806814E24053BDB00FDE61D /* Base */ = {isa = PBXFileReference; lastKnownFileType = file.storyboard; name = Base; path = Base.lproj/Main.storyboard; sourceTree = "<group>"; };
		0806815024053BDE00FDE61D /* Assets.xcassets */ = {isa = PBXFileReference; lastKnownFileType = folder.assetcatalog; path = Assets.xcassets; sourceTree = "<group>"; };
		0806815324053BDE00FDE61D /* Base */ = {isa = PBXFileReference; lastKnownFileType = file.storyboard; name = Base; path = Base.lproj/LaunchScreen.storyboard; sourceTree = "<group>"; };
		0806815524053BDE00FDE61D /* Info.plist */ = {isa = PBXFileReference; lastKnownFileType = text.plist.xml; path = Info.plist; sourceTree = "<group>"; };
		0838D6052406A2B50056E2F0 /* Animal.storyboard */ = {isa = PBXFileReference; lastKnownFileType = file.storyboard; path = Animal.storyboard; sourceTree = "<group>"; };
		0838D6072406A2EB0056E2F0 /* Dashboard.storyboard */ = {isa = PBXFileReference; lastKnownFileType = file.storyboard; path = Dashboard.storyboard; sourceTree = "<group>"; };
		0838D6092406A3210056E2F0 /* Shelter.storyboard */ = {isa = PBXFileReference; lastKnownFileType = file.storyboard; path = Shelter.storyboard; sourceTree = "<group>"; };
		0838D60B2406A35C0056E2F0 /* PetShop.storyboard */ = {isa = PBXFileReference; lastKnownFileType = file.storyboard; path = PetShop.storyboard; sourceTree = "<group>"; };
		0838D60D2406A3990056E2F0 /* Zoo.storyboard */ = {isa = PBXFileReference; lastKnownFileType = file.storyboard; path = Zoo.storyboard; sourceTree = "<group>"; };
		0838D6102406A58D0056E2F0 /* LoginViewController.swift */ = {isa = PBXFileReference; lastKnownFileType = sourcecode.swift; path = LoginViewController.swift; sourceTree = "<group>"; };
		0838D6122406A59E0056E2F0 /* RegisterViewController.swift */ = {isa = PBXFileReference; lastKnownFileType = sourcecode.swift; path = RegisterViewController.swift; sourceTree = "<group>"; };
		0838D6142406A5B60056E2F0 /* HomeViewController.swift */ = {isa = PBXFileReference; lastKnownFileType = sourcecode.swift; path = HomeViewController.swift; sourceTree = "<group>"; };
		086E42592406DD4B00F2469C /* AnimalViewController.swift */ = {isa = PBXFileReference; lastKnownFileType = sourcecode.swift; path = AnimalViewController.swift; sourceTree = "<group>"; };
		086E42632406FD4600F2469C /* DashboardViewController.swift */ = {isa = PBXFileReference; lastKnownFileType = sourcecode.swift; path = DashboardViewController.swift; sourceTree = "<group>"; };
		086E42652406FD5200F2469C /* PetShopViewController.swift */ = {isa = PBXFileReference; lastKnownFileType = sourcecode.swift; path = PetShopViewController.swift; sourceTree = "<group>"; };
		086E42672406FD6600F2469C /* ShelterViewController.swift */ = {isa = PBXFileReference; lastKnownFileType = sourcecode.swift; path = ShelterViewController.swift; sourceTree = "<group>"; };
		086E42692406FD6F00F2469C /* VetViewController.swift */ = {isa = PBXFileReference; lastKnownFileType = sourcecode.swift; path = VetViewController.swift; sourceTree = "<group>"; };
		086E426B2406FD8000F2469C /* ZooViewController.swift */ = {isa = PBXFileReference; lastKnownFileType = sourcecode.swift; path = ZooViewController.swift; sourceTree = "<group>"; };
		08B761C32417E78000AC98C3 /* Configuration.swift */ = {isa = PBXFileReference; lastKnownFileType = sourcecode.swift; path = Configuration.swift; sourceTree = "<group>"; };
		08C6F38024139D8400E53BA2 /* AddAnimalViewController.swift */ = {isa = PBXFileReference; lastKnownFileType = sourcecode.swift; path = AddAnimalViewController.swift; sourceTree = "<group>"; };
		08C6F3822413BE3500E53BA2 /* Validators.swift */ = {isa = PBXFileReference; lastKnownFileType = sourcecode.swift; path = Validators.swift; sourceTree = "<group>"; };
		08C6F3852413BE8400E53BA2 /* UITextField+Extensions.swift */ = {isa = PBXFileReference; lastKnownFileType = sourcecode.swift; path = "UITextField+Extensions.swift"; sourceTree = "<group>"; };
		08CF276124165DDC0029FE4B /* AddPetShopViewController.swift */ = {isa = PBXFileReference; lastKnownFileType = sourcecode.swift; path = AddPetShopViewController.swift; sourceTree = "<group>"; };
		08CF276324165E0D0029FE4B /* AddShelterViewController.swift */ = {isa = PBXFileReference; lastKnownFileType = sourcecode.swift; path = AddShelterViewController.swift; sourceTree = "<group>"; };
		08CF276524165E220029FE4B /* AddVetViewController.swift */ = {isa = PBXFileReference; lastKnownFileType = sourcecode.swift; path = AddVetViewController.swift; sourceTree = "<group>"; };
		08CF276724165E2E0029FE4B /* AddZooViewController.swift */ = {isa = PBXFileReference; lastKnownFileType = sourcecode.swift; path = AddZooViewController.swift; sourceTree = "<group>"; };
		08FB2B7E2405A1E3000D431A /* Vet.storyboard */ = {isa = PBXFileReference; lastKnownFileType = file.storyboard; path = Vet.storyboard; sourceTree = "<group>"; };
		08FE0DFD240C2C92002AFC96 /* Reachability.swift */ = {isa = PBXFileReference; lastKnownFileType = sourcecode.swift; path = Reachability.swift; sourceTree = "<group>"; };
		08FE0DFF240C2D18002AFC96 /* Auth.storyboard */ = {isa = PBXFileReference; lastKnownFileType = file.storyboard; path = Auth.storyboard; sourceTree = "<group>"; };
		207ACC1586453D7B95104130 /* Pods_AnimalCherish_iOS.framework */ = {isa = PBXFileReference; explicitFileType = wrapper.framework; includeInIndex = 0; path = Pods_AnimalCherish_iOS.framework; sourceTree = BUILT_PRODUCTS_DIR; };
		7F3BA28F6454F0610EF00202 /* Pods-AnimalCherish_iOS.release.xcconfig */ = {isa = PBXFileReference; includeInIndex = 1; lastKnownFileType = text.xcconfig; name = "Pods-AnimalCherish_iOS.release.xcconfig"; path = "Target Support Files/Pods-AnimalCherish_iOS/Pods-AnimalCherish_iOS.release.xcconfig"; sourceTree = "<group>"; };
		D44CB9E29D8535CF1C1F338A /* Pods-AnimalCherish_iOS.debug.xcconfig */ = {isa = PBXFileReference; includeInIndex = 1; lastKnownFileType = text.xcconfig; name = "Pods-AnimalCherish_iOS.debug.xcconfig"; path = "Target Support Files/Pods-AnimalCherish_iOS/Pods-AnimalCherish_iOS.debug.xcconfig"; sourceTree = "<group>"; };
/* End PBXFileReference section */

/* Begin PBXFrameworksBuildPhase section */
		0806814124053BDB00FDE61D /* Frameworks */ = {
			isa = PBXFrameworksBuildPhase;
			buildActionMask = 2147483647;
			files = (
				480A6F64C2D04A630049A528 /* Pods_AnimalCherish_iOS.framework in Frameworks */,
			);
			runOnlyForDeploymentPostprocessing = 0;
		};
/* End PBXFrameworksBuildPhase section */

/* Begin PBXGroup section */
		0806813B24053BDB00FDE61D = {
			isa = PBXGroup;
			children = (
				0806814624053BDB00FDE61D /* AnimalCherish_iOS */,
				0806814524053BDB00FDE61D /* Products */,
				363595BBF1FCCEC1DCBAC3FE /* Pods */,
				EF0C26DD9218B4C679C1AC9B /* Frameworks */,
			);
			sourceTree = "<group>";
		};
		0806814524053BDB00FDE61D /* Products */ = {
			isa = PBXGroup;
			children = (
				0806814424053BDB00FDE61D /* AnimalCherish_iOS.app */,
			);
			name = Products;
			sourceTree = "<group>";
		};
		0806814624053BDB00FDE61D /* AnimalCherish_iOS */ = {
			isa = PBXGroup;
			children = (
				08FB2B7B24059E51000D431A /* Storyboards */,
				0838D60F2406A56C0056E2F0 /* ViewControllers */,
				08C6F3842413BE6800E53BA2 /* Extensions */,
				08FE0DFC240C2C6A002AFC96 /* Services */,
				08B761C52417E7A400AC98C3 /* Other */,
				0806814724053BDB00FDE61D /* AppDelegate.swift */,
				0806814924053BDB00FDE61D /* SceneDelegate.swift */,
				0806815024053BDE00FDE61D /* Assets.xcassets */,
				0806815524053BDE00FDE61D /* Info.plist */,
			);
			path = AnimalCherish_iOS;
			sourceTree = "<group>";
		};
		0838D60F2406A56C0056E2F0 /* ViewControllers */ = {
			isa = PBXGroup;
			children = (
				086E425D2406E93D00F2469C /* Auth */,
				086E42582406DD1300F2469C /* Animal */,
				086E425E2406FCC400F2469C /* Dashboard */,
				086E425F2406FCD600F2469C /* PetShop */,
				086E42602406FCE300F2469C /* Shelter */,
				086E42612406FCEE00F2469C /* Vet */,
				086E42622406FCF400F2469C /* Zoo */,
				0838D6142406A5B60056E2F0 /* HomeViewController.swift */,
			);
			path = ViewControllers;
			sourceTree = "<group>";
		};
		086E42582406DD1300F2469C /* Animal */ = {
			isa = PBXGroup;
			children = (
				086E42592406DD4B00F2469C /* AnimalViewController.swift */,
				08C6F38024139D8400E53BA2 /* AddAnimalViewController.swift */,
			);
			path = Animal;
			sourceTree = "<group>";
		};
		086E425D2406E93D00F2469C /* Auth */ = {
			isa = PBXGroup;
			children = (
				0838D6102406A58D0056E2F0 /* LoginViewController.swift */,
				0838D6122406A59E0056E2F0 /* RegisterViewController.swift */,
			);
			path = Auth;
			sourceTree = "<group>";
		};
		086E425E2406FCC400F2469C /* Dashboard */ = {
			isa = PBXGroup;
			children = (
				086E42632406FD4600F2469C /* DashboardViewController.swift */,
			);
			path = Dashboard;
			sourceTree = "<group>";
		};
		086E425F2406FCD600F2469C /* PetShop */ = {
			isa = PBXGroup;
			children = (
				086E42652406FD5200F2469C /* PetShopViewController.swift */,
				08CF276124165DDC0029FE4B /* AddPetShopViewController.swift */,
			);
			path = PetShop;
			sourceTree = "<group>";
		};
		086E42602406FCE300F2469C /* Shelter */ = {
			isa = PBXGroup;
			children = (
				086E42672406FD6600F2469C /* ShelterViewController.swift */,
				08CF276324165E0D0029FE4B /* AddShelterViewController.swift */,
			);
			path = Shelter;
			sourceTree = "<group>";
		};
		086E42612406FCEE00F2469C /* Vet */ = {
			isa = PBXGroup;
			children = (
				086E42692406FD6F00F2469C /* VetViewController.swift */,
				08CF276524165E220029FE4B /* AddVetViewController.swift */,
			);
			path = Vet;
			sourceTree = "<group>";
		};
		086E42622406FCF400F2469C /* Zoo */ = {
			isa = PBXGroup;
			children = (
				086E426B2406FD8000F2469C /* ZooViewController.swift */,
				08CF276724165E2E0029FE4B /* AddZooViewController.swift */,
			);
			path = Zoo;
			sourceTree = "<group>";
		};
		08B761C52417E7A400AC98C3 /* Other */ = {
			isa = PBXGroup;
			children = (
				08B761C32417E78000AC98C3 /* Configuration.swift */,
			);
			path = Other;
			sourceTree = "<group>";
		};
		08C6F3842413BE6800E53BA2 /* Extensions */ = {
			isa = PBXGroup;
			children = (
				08C6F3852413BE8400E53BA2 /* UITextField+Extensions.swift */,
			);
			path = Extensions;
			sourceTree = "<group>";
		};
		08FB2B7B24059E51000D431A /* Storyboards */ = {
			isa = PBXGroup;
			children = (
				0806814D24053BDB00FDE61D /* Main.storyboard */,
				0806815224053BDE00FDE61D /* LaunchScreen.storyboard */,
				0838D6052406A2B50056E2F0 /* Animal.storyboard */,
				08FE0DFF240C2D18002AFC96 /* Auth.storyboard */,
				0838D6072406A2EB0056E2F0 /* Dashboard.storyboard */,
				0838D60B2406A35C0056E2F0 /* PetShop.storyboard */,
				0838D6092406A3210056E2F0 /* Shelter.storyboard */,
				08FB2B7E2405A1E3000D431A /* Vet.storyboard */,
				0838D60D2406A3990056E2F0 /* Zoo.storyboard */,
			);
			path = Storyboards;
			sourceTree = "<group>";
		};
		08FE0DFC240C2C6A002AFC96 /* Services */ = {
			isa = PBXGroup;
			children = (
				08FE0DFD240C2C92002AFC96 /* Reachability.swift */,
				08C6F3822413BE3500E53BA2 /* Validators.swift */,
			);
			path = Services;
			sourceTree = "<group>";
		};
		363595BBF1FCCEC1DCBAC3FE /* Pods */ = {
			isa = PBXGroup;
			children = (
				D44CB9E29D8535CF1C1F338A /* Pods-AnimalCherish_iOS.debug.xcconfig */,
				7F3BA28F6454F0610EF00202 /* Pods-AnimalCherish_iOS.release.xcconfig */,
			);
			path = Pods;
			sourceTree = "<group>";
		};
		EF0C26DD9218B4C679C1AC9B /* Frameworks */ = {
			isa = PBXGroup;
			children = (
				207ACC1586453D7B95104130 /* Pods_AnimalCherish_iOS.framework */,
			);
			name = Frameworks;
			sourceTree = "<group>";
		};
/* End PBXGroup section */

/* Begin PBXNativeTarget section */
		0806814324053BDB00FDE61D /* AnimalCherish_iOS */ = {
			isa = PBXNativeTarget;
			buildConfigurationList = 0806815824053BDE00FDE61D /* Build configuration list for PBXNativeTarget "AnimalCherish_iOS" */;
			buildPhases = (
				1B9F9D873AE64E651B2D0C81 /* [CP] Check Pods Manifest.lock */,
				0806814024053BDB00FDE61D /* Sources */,
				0806814124053BDB00FDE61D /* Frameworks */,
				0806814224053BDB00FDE61D /* Resources */,
				39AF3611DEE77789CE424F0E /* [CP] Embed Pods Frameworks */,
			);
			buildRules = (
			);
			dependencies = (
			);
			name = AnimalCherish_iOS;
			productName = AnimalCherish_iOS;
			productReference = 0806814424053BDB00FDE61D /* AnimalCherish_iOS.app */;
			productType = "com.apple.product-type.application";
		};
/* End PBXNativeTarget section */

/* Begin PBXProject section */
		0806813C24053BDB00FDE61D /* Project object */ = {
			isa = PBXProject;
			attributes = {
				LastSwiftUpdateCheck = 1130;
				LastUpgradeCheck = 1130;
				ORGANIZATIONNAME = CTIS_Team1;
				TargetAttributes = {
					0806814324053BDB00FDE61D = {
						CreatedOnToolsVersion = 11.3.1;
					};
				};
			};
			buildConfigurationList = 0806813F24053BDB00FDE61D /* Build configuration list for PBXProject "AnimalCherish_iOS" */;
			compatibilityVersion = "Xcode 9.3";
			developmentRegion = en;
			hasScannedForEncodings = 0;
			knownRegions = (
				en,
				Base,
			);
			mainGroup = 0806813B24053BDB00FDE61D;
			productRefGroup = 0806814524053BDB00FDE61D /* Products */;
			projectDirPath = "";
			projectRoot = "";
			targets = (
				0806814324053BDB00FDE61D /* AnimalCherish_iOS */,
			);
		};
/* End PBXProject section */

/* Begin PBXResourcesBuildPhase section */
		0806814224053BDB00FDE61D /* Resources */ = {
			isa = PBXResourcesBuildPhase;
			buildActionMask = 2147483647;
			files = (
				0838D60A2406A3210056E2F0 /* Shelter.storyboard in Resources */,
				0806815424053BDE00FDE61D /* LaunchScreen.storyboard in Resources */,
				08FE0E00240C2D18002AFC96 /* Auth.storyboard in Resources */,
				0838D6082406A2EB0056E2F0 /* Dashboard.storyboard in Resources */,
				08FB2B7F2405A1E3000D431A /* Vet.storyboard in Resources */,
				0838D60C2406A35C0056E2F0 /* PetShop.storyboard in Resources */,
				0838D60E2406A3990056E2F0 /* Zoo.storyboard in Resources */,
				0806815124053BDE00FDE61D /* Assets.xcassets in Resources */,
				0838D6062406A2B50056E2F0 /* Animal.storyboard in Resources */,
				0806814F24053BDB00FDE61D /* Main.storyboard in Resources */,
			);
			runOnlyForDeploymentPostprocessing = 0;
		};
/* End PBXResourcesBuildPhase section */

/* Begin PBXShellScriptBuildPhase section */
		1B9F9D873AE64E651B2D0C81 /* [CP] Check Pods Manifest.lock */ = {
			isa = PBXShellScriptBuildPhase;
			buildActionMask = 2147483647;
			files = (
			);
			inputFileListPaths = (
			);
			inputPaths = (
				"${PODS_PODFILE_DIR_PATH}/Podfile.lock",
				"${PODS_ROOT}/Manifest.lock",
			);
			name = "[CP] Check Pods Manifest.lock";
			outputFileListPaths = (
			);
			outputPaths = (
				"$(DERIVED_FILE_DIR)/Pods-AnimalCherish_iOS-checkManifestLockResult.txt",
			);
			runOnlyForDeploymentPostprocessing = 0;
			shellPath = /bin/sh;
			shellScript = "diff \"${PODS_PODFILE_DIR_PATH}/Podfile.lock\" \"${PODS_ROOT}/Manifest.lock\" > /dev/null\nif [ $? != 0 ] ; then\n    # print error to STDERR\n    echo \"error: The sandbox is not in sync with the Podfile.lock. Run 'pod install' or update your CocoaPods installation.\" >&2\n    exit 1\nfi\n# This output is used by Xcode 'outputs' to avoid re-running this script phase.\necho \"SUCCESS\" > \"${SCRIPT_OUTPUT_FILE_0}\"\n";
			showEnvVarsInLog = 0;
		};
		39AF3611DEE77789CE424F0E /* [CP] Embed Pods Frameworks */ = {
			isa = PBXShellScriptBuildPhase;
			buildActionMask = 2147483647;
			files = (
			);
			inputFileListPaths = (
				"${PODS_ROOT}/Target Support Files/Pods-AnimalCherish_iOS/Pods-AnimalCherish_iOS-frameworks-${CONFIGURATION}-input-files.xcfilelist",
			);
			name = "[CP] Embed Pods Frameworks";
			outputFileListPaths = (
				"${PODS_ROOT}/Target Support Files/Pods-AnimalCherish_iOS/Pods-AnimalCherish_iOS-frameworks-${CONFIGURATION}-output-files.xcfilelist",
			);
			runOnlyForDeploymentPostprocessing = 0;
			shellPath = /bin/sh;
			shellScript = "\"${PODS_ROOT}/Target Support Files/Pods-AnimalCherish_iOS/Pods-AnimalCherish_iOS-frameworks.sh\"\n";
			showEnvVarsInLog = 0;
		};
/* End PBXShellScriptBuildPhase section */

/* Begin PBXSourcesBuildPhase section */
		0806814024053BDB00FDE61D /* Sources */ = {
			isa = PBXSourcesBuildPhase;
			buildActionMask = 2147483647;
			files = (
				086E42662406FD5200F2469C /* PetShopViewController.swift in Sources */,
				0838D6112406A58D0056E2F0 /* LoginViewController.swift in Sources */,
				08CF276624165E220029FE4B /* AddVetViewController.swift in Sources */,
				08C6F38124139D8400E53BA2 /* AddAnimalViewController.swift in Sources */,
				08C6F3862413BE8400E53BA2 /* UITextField+Extensions.swift in Sources */,
				08CF276224165DDC0029FE4B /* AddPetShopViewController.swift in Sources */,
				08CF276824165E2E0029FE4B /* AddZooViewController.swift in Sources */,
				08FE0DFE240C2C92002AFC96 /* Reachability.swift in Sources */,
				086E42642406FD4600F2469C /* DashboardViewController.swift in Sources */,
				086E42682406FD6600F2469C /* ShelterViewController.swift in Sources */,
				086E426C2406FD8000F2469C /* ZooViewController.swift in Sources */,
				08CF276424165E0D0029FE4B /* AddShelterViewController.swift in Sources */,
				086E426A2406FD6F00F2469C /* VetViewController.swift in Sources */,
				08C6F3832413BE3500E53BA2 /* Validators.swift in Sources */,
				08B761C42417E78000AC98C3 /* Configuration.swift in Sources */,
				0838D6132406A59E0056E2F0 /* RegisterViewController.swift in Sources */,
				0806814824053BDB00FDE61D /* AppDelegate.swift in Sources */,
				086E425A2406DD4B00F2469C /* AnimalViewController.swift in Sources */,
				0806814A24053BDB00FDE61D /* SceneDelegate.swift in Sources */,
				0838D6152406A5B60056E2F0 /* HomeViewController.swift in Sources */,
			);
			runOnlyForDeploymentPostprocessing = 0;
		};
/* End PBXSourcesBuildPhase section */

/* Begin PBXVariantGroup section */
		0806814D24053BDB00FDE61D /* Main.storyboard */ = {
			isa = PBXVariantGroup;
			children = (
				0806814E24053BDB00FDE61D /* Base */,
			);
			name = Main.storyboard;
			sourceTree = "<group>";
		};
		0806815224053BDE00FDE61D /* LaunchScreen.storyboard */ = {
			isa = PBXVariantGroup;
			children = (
				0806815324053BDE00FDE61D /* Base */,
			);
			name = LaunchScreen.storyboard;
			sourceTree = "<group>";
		};
/* End PBXVariantGroup section */

/* Begin XCBuildConfiguration section */
		0806815624053BDE00FDE61D /* Debug */ = {
			isa = XCBuildConfiguration;
			buildSettings = {
				ALWAYS_SEARCH_USER_PATHS = NO;
				CLANG_ANALYZER_NONNULL = YES;
				CLANG_ANALYZER_NUMBER_OBJECT_CONVERSION = YES_AGGRESSIVE;
				CLANG_CXX_LANGUAGE_STANDARD = "gnu++14";
				CLANG_CXX_LIBRARY = "libc++";
				CLANG_ENABLE_MODULES = YES;
				CLANG_ENABLE_OBJC_ARC = YES;
				CLANG_ENABLE_OBJC_WEAK = YES;
				CLANG_WARN_BLOCK_CAPTURE_AUTORELEASING = YES;
				CLANG_WARN_BOOL_CONVERSION = YES;
				CLANG_WARN_COMMA = YES;
				CLANG_WARN_CONSTANT_CONVERSION = YES;
				CLANG_WARN_DEPRECATED_OBJC_IMPLEMENTATIONS = YES;
				CLANG_WARN_DIRECT_OBJC_ISA_USAGE = YES_ERROR;
				CLANG_WARN_DOCUMENTATION_COMMENTS = YES;
				CLANG_WARN_EMPTY_BODY = YES;
				CLANG_WARN_ENUM_CONVERSION = YES;
				CLANG_WARN_INFINITE_RECURSION = YES;
				CLANG_WARN_INT_CONVERSION = YES;
				CLANG_WARN_NON_LITERAL_NULL_CONVERSION = YES;
				CLANG_WARN_OBJC_IMPLICIT_RETAIN_SELF = YES;
				CLANG_WARN_OBJC_LITERAL_CONVERSION = YES;
				CLANG_WARN_OBJC_ROOT_CLASS = YES_ERROR;
				CLANG_WARN_RANGE_LOOP_ANALYSIS = YES;
				CLANG_WARN_STRICT_PROTOTYPES = YES;
				CLANG_WARN_SUSPICIOUS_MOVE = YES;
				CLANG_WARN_UNGUARDED_AVAILABILITY = YES_AGGRESSIVE;
				CLANG_WARN_UNREACHABLE_CODE = YES;
				CLANG_WARN__DUPLICATE_METHOD_MATCH = YES;
				COPY_PHASE_STRIP = NO;
				DEBUG_INFORMATION_FORMAT = dwarf;
				ENABLE_STRICT_OBJC_MSGSEND = YES;
				ENABLE_TESTABILITY = YES;
				GCC_C_LANGUAGE_STANDARD = gnu11;
				GCC_DYNAMIC_NO_PIC = NO;
				GCC_NO_COMMON_BLOCKS = YES;
				GCC_OPTIMIZATION_LEVEL = 0;
				GCC_PREPROCESSOR_DEFINITIONS = (
					"DEBUG=1",
					"$(inherited)",
				);
				GCC_WARN_64_TO_32_BIT_CONVERSION = YES;
				GCC_WARN_ABOUT_RETURN_TYPE = YES_ERROR;
				GCC_WARN_UNDECLARED_SELECTOR = YES;
				GCC_WARN_UNINITIALIZED_AUTOS = YES_AGGRESSIVE;
				GCC_WARN_UNUSED_FUNCTION = YES;
				GCC_WARN_UNUSED_VARIABLE = YES;
				IPHONEOS_DEPLOYMENT_TARGET = 13.2;
				MTL_ENABLE_DEBUG_INFO = INCLUDE_SOURCE;
				MTL_FAST_MATH = YES;
				ONLY_ACTIVE_ARCH = YES;
				SDKROOT = iphoneos;
				SWIFT_ACTIVE_COMPILATION_CONDITIONS = DEBUG;
				SWIFT_OPTIMIZATION_LEVEL = "-Onone";
			};
			name = Debug;
		};
		0806815724053BDE00FDE61D /* Release */ = {
			isa = XCBuildConfiguration;
			buildSettings = {
				ALWAYS_SEARCH_USER_PATHS = NO;
				CLANG_ANALYZER_NONNULL = YES;
				CLANG_ANALYZER_NUMBER_OBJECT_CONVERSION = YES_AGGRESSIVE;
				CLANG_CXX_LANGUAGE_STANDARD = "gnu++14";
				CLANG_CXX_LIBRARY = "libc++";
				CLANG_ENABLE_MODULES = YES;
				CLANG_ENABLE_OBJC_ARC = YES;
				CLANG_ENABLE_OBJC_WEAK = YES;
				CLANG_WARN_BLOCK_CAPTURE_AUTORELEASING = YES;
				CLANG_WARN_BOOL_CONVERSION = YES;
				CLANG_WARN_COMMA = YES;
				CLANG_WARN_CONSTANT_CONVERSION = YES;
				CLANG_WARN_DEPRECATED_OBJC_IMPLEMENTATIONS = YES;
				CLANG_WARN_DIRECT_OBJC_ISA_USAGE = YES_ERROR;
				CLANG_WARN_DOCUMENTATION_COMMENTS = YES;
				CLANG_WARN_EMPTY_BODY = YES;
				CLANG_WARN_ENUM_CONVERSION = YES;
				CLANG_WARN_INFINITE_RECURSION = YES;
				CLANG_WARN_INT_CONVERSION = YES;
				CLANG_WARN_NON_LITERAL_NULL_CONVERSION = YES;
				CLANG_WARN_OBJC_IMPLICIT_RETAIN_SELF = YES;
				CLANG_WARN_OBJC_LITERAL_CONVERSION = YES;
				CLANG_WARN_OBJC_ROOT_CLASS = YES_ERROR;
				CLANG_WARN_RANGE_LOOP_ANALYSIS = YES;
				CLANG_WARN_STRICT_PROTOTYPES = YES;
				CLANG_WARN_SUSPICIOUS_MOVE = YES;
				CLANG_WARN_UNGUARDED_AVAILABILITY = YES_AGGRESSIVE;
				CLANG_WARN_UNREACHABLE_CODE = YES;
				CLANG_WARN__DUPLICATE_METHOD_MATCH = YES;
				COPY_PHASE_STRIP = NO;
				DEBUG_INFORMATION_FORMAT = "dwarf-with-dsym";
				ENABLE_NS_ASSERTIONS = NO;
				ENABLE_STRICT_OBJC_MSGSEND = YES;
				GCC_C_LANGUAGE_STANDARD = gnu11;
				GCC_NO_COMMON_BLOCKS = YES;
				GCC_WARN_64_TO_32_BIT_CONVERSION = YES;
				GCC_WARN_ABOUT_RETURN_TYPE = YES_ERROR;
				GCC_WARN_UNDECLARED_SELECTOR = YES;
				GCC_WARN_UNINITIALIZED_AUTOS = YES_AGGRESSIVE;
				GCC_WARN_UNUSED_FUNCTION = YES;
				GCC_WARN_UNUSED_VARIABLE = YES;
				IPHONEOS_DEPLOYMENT_TARGET = 13.2;
				MTL_ENABLE_DEBUG_INFO = NO;
				MTL_FAST_MATH = YES;
				SDKROOT = iphoneos;
				SWIFT_COMPILATION_MODE = wholemodule;
				SWIFT_OPTIMIZATION_LEVEL = "-O";
				VALIDATE_PRODUCT = YES;
			};
			name = Release;
		};
		0806815924053BDE00FDE61D /* Debug */ = {
			isa = XCBuildConfiguration;
			baseConfigurationReference = D44CB9E29D8535CF1C1F338A /* Pods-AnimalCherish_iOS.debug.xcconfig */;
			buildSettings = {
				ASSETCATALOG_COMPILER_APPICON_NAME = AppIcon;
				CODE_SIGN_STYLE = Automatic;
				INFOPLIST_FILE = AnimalCherish_iOS/Info.plist;
				IPHONEOS_DEPLOYMENT_TARGET = 13.0;
				LD_RUNPATH_SEARCH_PATHS = (
					"$(inherited)",
					"@executable_path/Frameworks",
				);
				PRODUCT_BUNDLE_IDENTIFIER = "com.team1.AnimalCherish-iOS";
				PRODUCT_NAME = "$(TARGET_NAME)";
				SWIFT_VERSION = 5.0;
				TARGETED_DEVICE_FAMILY = "1,2";
			};
			name = Debug;
		};
		0806815A24053BDE00FDE61D /* Release */ = {
			isa = XCBuildConfiguration;
			baseConfigurationReference = 7F3BA28F6454F0610EF00202 /* Pods-AnimalCherish_iOS.release.xcconfig */;
			buildSettings = {
				ASSETCATALOG_COMPILER_APPICON_NAME = AppIcon;
				CODE_SIGN_STYLE = Automatic;
				INFOPLIST_FILE = AnimalCherish_iOS/Info.plist;
				IPHONEOS_DEPLOYMENT_TARGET = 13.0;
				LD_RUNPATH_SEARCH_PATHS = (
					"$(inherited)",
					"@executable_path/Frameworks",
				);
				PRODUCT_BUNDLE_IDENTIFIER = "com.team1.AnimalCherish-iOS";
				PRODUCT_NAME = "$(TARGET_NAME)";
				SWIFT_VERSION = 5.0;
				TARGETED_DEVICE_FAMILY = "1,2";
			};
			name = Release;
		};
/* End XCBuildConfiguration section */

/* Begin XCConfigurationList section */
		0806813F24053BDB00FDE61D /* Build configuration list for PBXProject "AnimalCherish_iOS" */ = {
			isa = XCConfigurationList;
			buildConfigurations = (
				0806815624053BDE00FDE61D /* Debug */,
				0806815724053BDE00FDE61D /* Release */,
			);
			defaultConfigurationIsVisible = 0;
			defaultConfigurationName = Release;
		};
		0806815824053BDE00FDE61D /* Build configuration list for PBXNativeTarget "AnimalCherish_iOS" */ = {
			isa = XCConfigurationList;
			buildConfigurations = (
				0806815924053BDE00FDE61D /* Debug */,
				0806815A24053BDE00FDE61D /* Release */,
			);
			defaultConfigurationIsVisible = 0;
			defaultConfigurationName = Release;
		};
/* End XCConfigurationList section */
	};
	rootObject = 0806813C24053BDB00FDE61D /* Project object */;
}
